
Microsoft Visual Studio Solution File, Format Version 12.00
# Visual Studio Version 16
VisualStudioVersion = 16.0.30413.136
MinimumVisualStudioVersion = 10.0.40219.1
Project("{FAE04EC0-301F-11D3-BF4B-00C04F79EFBC}") = "RED7Studios.TMBApp", "RED7Studios.TMBApp\RED7Studios.TMBApp.csproj", "{86516082-6F79-4DD6-9921-79FAD6B10247}"
EndProject
Global
	GlobalSection(SolutionConfigurationPlatforms) = preSolution
		Debug|Any CPU = Debug|Any CPU
		Release|Any CPU = Release|Any CPU
	EndGlobalSection
	GlobalSection(ProjectConfigurationPlatforms) = postSolution
		{86516082-6F79-4DD6-9921-79FAD6B10247}.Debug|Any CPU.ActiveCfg = Debug|Any CPU
		{86516082-6F79-4DD6-9921-79FAD6B10247}.Debug|Any CPU.Build.0 = Debug|Any CPU
		{86516082-6F79-4DD6-9921-79FAD6B10247}.Release|Any CPU.ActiveCfg = Release|Any CPU
		{86516082-6F79-4DD6-9921-79FAD6B10247}.Release|Any CPU.Build.0 = Release|Any CPU
	EndGlobalSection
	GlobalSection(SolutionProperties) = preSolution
		HideSolutionNode = FALSE
	EndGlobalSection
	GlobalSection(ExtensibilityGlobals) = postSolution
		SolutionGuid = {8F27B2E4-1506-4F64-8B29-4E4D05D0B38B}
	EndGlobalSection
EndGlobal
